
Microsoft Visual Studio Solution File, Format Version 12.00
# Visual Studio Version 16
VisualStudioVersion = 25.0.1704.0
MinimumVisualStudioVersion = 10.0.40219.1
Project("{FAE04EC0-301F-11D3-BF4B-00C04F79EFBC}") = "GLaDos Discord Bot", "GLaDos Discord Bot\GLaDos Discord Bot.csproj", "{C3EAFD2C-5355-4C07-BCB8-12F3BDC39766}"
EndProject
Global
	GlobalSection(SolutionConfigurationPlatforms) = preSolution
		Debug|Any CPU = Debug|Any CPU
		Release|Any CPU = Release|Any CPU
	EndGlobalSection
	GlobalSection(ProjectConfigurationPlatforms) = postSolution
		{C3EAFD2C-5355-4C07-BCB8-12F3BDC39766}.Debug|Any CPU.ActiveCfg = Debug|Any CPU
		{C3EAFD2C-5355-4C07-BCB8-12F3BDC39766}.Debug|Any CPU.Build.0 = Debug|Any CPU
		{C3EAFD2C-5355-4C07-BCB8-12F3BDC39766}.Release|Any CPU.ActiveCfg = Release|Any CPU
		{C3EAFD2C-5355-4C07-BCB8-12F3BDC39766}.Release|Any CPU.Build.0 = Release|Any CPU
	EndGlobalSection
	GlobalSection(SolutionProperties) = preSolution
		HideSolutionNode = FALSE
	EndGlobalSection
	GlobalSection(ExtensibilityGlobals) = postSolution
		SolutionGuid = {B728045E-0D0A-4ABD-95CD-F6A63A740324}
	EndGlobalSection
EndGlobal
